
Microsoft Visual Studio Solution File, Format Version 12.00
# Visual Studio Version 16
VisualStudioVersion = 16.0.810.14
MinimumVisualStudioVersion = 10.0.40219.1
Project("{FAE04EC0-301F-11D3-BF4B-00C04F79EFBC}") = "Restaurant", "Restaurant\Restaurant.csproj", "{C0DDEAD7-7093-4BBE-95D7-911F50373432}"
EndProject
Global
	GlobalSection(SolutionConfigurationPlatforms) = preSolution
		Debug|Any CPU = Debug|Any CPU
		Release|Any CPU = Release|Any CPU
	EndGlobalSection
	GlobalSection(ProjectConfigurationPlatforms) = postSolution
		{C0DDEAD7-7093-4BBE-95D7-911F50373432}.Debug|Any CPU.ActiveCfg = Debug|Any CPU
		{C0DDEAD7-7093-4BBE-95D7-911F50373432}.Debug|Any CPU.Build.0 = Debug|Any CPU
		{C0DDEAD7-7093-4BBE-95D7-911F50373432}.Release|Any CPU.ActiveCfg = Release|Any CPU
		{C0DDEAD7-7093-4BBE-95D7-911F50373432}.Release|Any CPU.Build.0 = Release|Any CPU
	EndGlobalSection
	GlobalSection(SolutionProperties) = preSolution
		HideSolutionNode = FALSE
	EndGlobalSection
	GlobalSection(ExtensibilityGlobals) = postSolution
		SolutionGuid = {939BC6B6-8BF3-49ED-8924-326A118E09F2}
	EndGlobalSection
EndGlobal
